
Microsoft Visual Studio Solution File, Format Version 12.00
# Visual Studio 15
VisualStudioVersion = 15.0.28307.106
MinimumVisualStudioVersion = 10.0.40219.1
Project("{8BC9CEB8-8B4A-11D0-8D11-00A0C91BC942}") = "正三角形的顶点位置", "正三角形的顶点位置\正三角形的顶点位置.vcxproj", "{07F35CE1-26AA-4A3D-A3FF-F7CF4C012CA9}"
EndProject
Global
	GlobalSection(SolutionConfigurationPlatforms) = preSolution
		Debug|x64 = Debug|x64
		Debug|x86 = Debug|x86
		Release|x64 = Release|x64
		Release|x86 = Release|x86
	EndGlobalSection
	GlobalSection(ProjectConfigurationPlatforms) = postSolution
		{07F35CE1-26AA-4A3D-A3FF-F7CF4C012CA9}.Debug|x64.ActiveCfg = Debug|x64
		{07F35CE1-26AA-4A3D-A3FF-F7CF4C012CA9}.Debug|x64.Build.0 = Debug|x64
		{07F35CE1-26AA-4A3D-A3FF-F7CF4C012CA9}.Debug|x86.ActiveCfg = Debug|Win32
		{07F35CE1-26AA-4A3D-A3FF-F7CF4C012CA9}.Debug|x86.Build.0 = Debug|Win32
		{07F35CE1-26AA-4A3D-A3FF-F7CF4C012CA9}.Release|x64.ActiveCfg = Release|x64
		{07F35CE1-26AA-4A3D-A3FF-F7CF4C012CA9}.Release|x64.Build.0 = Release|x64
		{07F35CE1-26AA-4A3D-A3FF-F7CF4C012CA9}.Release|x86.ActiveCfg = Release|Win32
		{07F35CE1-26AA-4A3D-A3FF-F7CF4C012CA9}.Release|x86.Build.0 = Release|Win32
	EndGlobalSection
	GlobalSection(SolutionProperties) = preSolution
		HideSolutionNode = FALSE
	EndGlobalSection
	GlobalSection(ExtensibilityGlobals) = postSolution
		SolutionGuid = {5B7C2FB7-692D-4D7F-AF03-C99272F83B19}
	EndGlobalSection
EndGlobal
