
Microsoft Visual Studio Solution File, Format Version 12.00
# Visual Studio 15
VisualStudioVersion = 15.0.28307.106
MinimumVisualStudioVersion = 10.0.40219.1
Project("{8BC9CEB8-8B4A-11D0-8D11-00A0C91BC942}") = "仅仅反转字母", "仅仅反转字母\仅仅反转字母.vcxproj", "{60F62909-AE10-4F50-81AB-30B40F351700}"
EndProject
Global
	GlobalSection(SolutionConfigurationPlatforms) = preSolution
		Debug|x64 = Debug|x64
		Debug|x86 = Debug|x86
		Release|x64 = Release|x64
		Release|x86 = Release|x86
	EndGlobalSection
	GlobalSection(ProjectConfigurationPlatforms) = postSolution
		{60F62909-AE10-4F50-81AB-30B40F351700}.Debug|x64.ActiveCfg = Debug|x64
		{60F62909-AE10-4F50-81AB-30B40F351700}.Debug|x64.Build.0 = Debug|x64
		{60F62909-AE10-4F50-81AB-30B40F351700}.Debug|x86.ActiveCfg = Debug|Win32
		{60F62909-AE10-4F50-81AB-30B40F351700}.Debug|x86.Build.0 = Debug|Win32
		{60F62909-AE10-4F50-81AB-30B40F351700}.Release|x64.ActiveCfg = Release|x64
		{60F62909-AE10-4F50-81AB-30B40F351700}.Release|x64.Build.0 = Release|x64
		{60F62909-AE10-4F50-81AB-30B40F351700}.Release|x86.ActiveCfg = Release|Win32
		{60F62909-AE10-4F50-81AB-30B40F351700}.Release|x86.Build.0 = Release|Win32
	EndGlobalSection
	GlobalSection(SolutionProperties) = preSolution
		HideSolutionNode = FALSE
	EndGlobalSection
	GlobalSection(ExtensibilityGlobals) = postSolution
		SolutionGuid = {CE22DBDD-D67E-4AD1-9FEB-E6C082DDDD9F}
	EndGlobalSection
EndGlobal
