
Microsoft Visual Studio Solution File, Format Version 12.00
# Visual Studio 15
VisualStudioVersion = 15.0.28307.106
MinimumVisualStudioVersion = 10.0.40219.1
Project("{8BC9CEB8-8B4A-11D0-8D11-00A0C91BC942}") = "c练习11", "c练习11\c练习11.vcxproj", "{FFAA61AC-1F7B-454D-8A22-A628E7FE04E0}"
EndProject
Global
	GlobalSection(SolutionConfigurationPlatforms) = preSolution
		Debug|x64 = Debug|x64
		Debug|x86 = Debug|x86
		Release|x64 = Release|x64
		Release|x86 = Release|x86
	EndGlobalSection
	GlobalSection(ProjectConfigurationPlatforms) = postSolution
		{FFAA61AC-1F7B-454D-8A22-A628E7FE04E0}.Debug|x64.ActiveCfg = Debug|x64
		{FFAA61AC-1F7B-454D-8A22-A628E7FE04E0}.Debug|x64.Build.0 = Debug|x64
		{FFAA61AC-1F7B-454D-8A22-A628E7FE04E0}.Debug|x86.ActiveCfg = Debug|Win32
		{FFAA61AC-1F7B-454D-8A22-A628E7FE04E0}.Debug|x86.Build.0 = Debug|Win32
		{FFAA61AC-1F7B-454D-8A22-A628E7FE04E0}.Release|x64.ActiveCfg = Release|x64
		{FFAA61AC-1F7B-454D-8A22-A628E7FE04E0}.Release|x64.Build.0 = Release|x64
		{FFAA61AC-1F7B-454D-8A22-A628E7FE04E0}.Release|x86.ActiveCfg = Release|Win32
		{FFAA61AC-1F7B-454D-8A22-A628E7FE04E0}.Release|x86.Build.0 = Release|Win32
	EndGlobalSection
	GlobalSection(SolutionProperties) = preSolution
		HideSolutionNode = FALSE
	EndGlobalSection
	GlobalSection(ExtensibilityGlobals) = postSolution
		SolutionGuid = {2E15D2F6-EEDD-468E-BD9E-D75DE5F7BEA0}
	EndGlobalSection
EndGlobal
