
Microsoft Visual Studio Solution File, Format Version 12.00
# Visual Studio 15
VisualStudioVersion = 15.0.28307.106
MinimumVisualStudioVersion = 10.0.40219.1
Project("{8BC9CEB8-8B4A-11D0-8D11-00A0C91BC942}") = "计算字符个数", "计算字符个数\计算字符个数.vcxproj", "{14CF89BB-A3DF-41FB-A70E-274C48C73002}"
EndProject
Global
	GlobalSection(SolutionConfigurationPlatforms) = preSolution
		Debug|x64 = Debug|x64
		Debug|x86 = Debug|x86
		Release|x64 = Release|x64
		Release|x86 = Release|x86
	EndGlobalSection
	GlobalSection(ProjectConfigurationPlatforms) = postSolution
		{14CF89BB-A3DF-41FB-A70E-274C48C73002}.Debug|x64.ActiveCfg = Debug|x64
		{14CF89BB-A3DF-41FB-A70E-274C48C73002}.Debug|x64.Build.0 = Debug|x64
		{14CF89BB-A3DF-41FB-A70E-274C48C73002}.Debug|x86.ActiveCfg = Debug|Win32
		{14CF89BB-A3DF-41FB-A70E-274C48C73002}.Debug|x86.Build.0 = Debug|Win32
		{14CF89BB-A3DF-41FB-A70E-274C48C73002}.Release|x64.ActiveCfg = Release|x64
		{14CF89BB-A3DF-41FB-A70E-274C48C73002}.Release|x64.Build.0 = Release|x64
		{14CF89BB-A3DF-41FB-A70E-274C48C73002}.Release|x86.ActiveCfg = Release|Win32
		{14CF89BB-A3DF-41FB-A70E-274C48C73002}.Release|x86.Build.0 = Release|Win32
	EndGlobalSection
	GlobalSection(SolutionProperties) = preSolution
		HideSolutionNode = FALSE
	EndGlobalSection
	GlobalSection(ExtensibilityGlobals) = postSolution
		SolutionGuid = {D6DFE58A-814B-4415-89F6-A4CE7BA04282}
	EndGlobalSection
EndGlobal
