
Microsoft Visual Studio Solution File, Format Version 12.00
# Visual Studio 15
VisualStudioVersion = 15.0.28307.106
MinimumVisualStudioVersion = 10.0.40219.1
Project("{8BC9CEB8-8B4A-11D0-8D11-00A0C91BC942}") = "牛客网美国节日", "牛客网美国节日\牛客网美国节日.vcxproj", "{067B0508-456A-406C-96C4-C5EE002B12CD}"
EndProject
Global
	GlobalSection(SolutionConfigurationPlatforms) = preSolution
		Debug|x64 = Debug|x64
		Debug|x86 = Debug|x86
		Release|x64 = Release|x64
		Release|x86 = Release|x86
	EndGlobalSection
	GlobalSection(ProjectConfigurationPlatforms) = postSolution
		{067B0508-456A-406C-96C4-C5EE002B12CD}.Debug|x64.ActiveCfg = Debug|x64
		{067B0508-456A-406C-96C4-C5EE002B12CD}.Debug|x64.Build.0 = Debug|x64
		{067B0508-456A-406C-96C4-C5EE002B12CD}.Debug|x86.ActiveCfg = Debug|Win32
		{067B0508-456A-406C-96C4-C5EE002B12CD}.Debug|x86.Build.0 = Debug|Win32
		{067B0508-456A-406C-96C4-C5EE002B12CD}.Release|x64.ActiveCfg = Release|x64
		{067B0508-456A-406C-96C4-C5EE002B12CD}.Release|x64.Build.0 = Release|x64
		{067B0508-456A-406C-96C4-C5EE002B12CD}.Release|x86.ActiveCfg = Release|Win32
		{067B0508-456A-406C-96C4-C5EE002B12CD}.Release|x86.Build.0 = Release|Win32
	EndGlobalSection
	GlobalSection(SolutionProperties) = preSolution
		HideSolutionNode = FALSE
	EndGlobalSection
	GlobalSection(ExtensibilityGlobals) = postSolution
		SolutionGuid = {624EEFF2-1658-48C0-894B-BFF1DC76FEF3}
	EndGlobalSection
EndGlobal
