
Microsoft Visual Studio Solution File, Format Version 12.00
# Visual Studio 15
VisualStudioVersion = 15.0.28307.106
MinimumVisualStudioVersion = 10.0.40219.1
Project("{8BC9CEB8-8B4A-11D0-8D11-00A0C91BC942}") = "俄罗斯方块", "俄罗斯方块\俄罗斯方块.vcxproj", "{069BC78E-8F6D-470C-B4D8-E0766732BEFA}"
EndProject
Global
	GlobalSection(SolutionConfigurationPlatforms) = preSolution
		Debug|x64 = Debug|x64
		Debug|x86 = Debug|x86
		Release|x64 = Release|x64
		Release|x86 = Release|x86
	EndGlobalSection
	GlobalSection(ProjectConfigurationPlatforms) = postSolution
		{069BC78E-8F6D-470C-B4D8-E0766732BEFA}.Debug|x64.ActiveCfg = Debug|x64
		{069BC78E-8F6D-470C-B4D8-E0766732BEFA}.Debug|x64.Build.0 = Debug|x64
		{069BC78E-8F6D-470C-B4D8-E0766732BEFA}.Debug|x86.ActiveCfg = Debug|Win32
		{069BC78E-8F6D-470C-B4D8-E0766732BEFA}.Debug|x86.Build.0 = Debug|Win32
		{069BC78E-8F6D-470C-B4D8-E0766732BEFA}.Release|x64.ActiveCfg = Release|x64
		{069BC78E-8F6D-470C-B4D8-E0766732BEFA}.Release|x64.Build.0 = Release|x64
		{069BC78E-8F6D-470C-B4D8-E0766732BEFA}.Release|x86.ActiveCfg = Release|Win32
		{069BC78E-8F6D-470C-B4D8-E0766732BEFA}.Release|x86.Build.0 = Release|Win32
	EndGlobalSection
	GlobalSection(SolutionProperties) = preSolution
		HideSolutionNode = FALSE
	EndGlobalSection
	GlobalSection(ExtensibilityGlobals) = postSolution
		SolutionGuid = {2CCA2C20-0345-46B6-9B95-8BDF175A94B3}
	EndGlobalSection
EndGlobal
