
Microsoft Visual Studio Solution File, Format Version 12.00
# Visual Studio 15
VisualStudioVersion = 15.0.28307.106
MinimumVisualStudioVersion = 10.0.40219.1
Project("{8BC9CEB8-8B4A-11D0-8D11-00A0C91BC942}") = "完成括号匹配", "完成括号匹配\完成括号匹配.vcxproj", "{9BA3BF3A-1A23-46BD-9F84-7F50B4AC8CF2}"
EndProject
Global
	GlobalSection(SolutionConfigurationPlatforms) = preSolution
		Debug|x64 = Debug|x64
		Debug|x86 = Debug|x86
		Release|x64 = Release|x64
		Release|x86 = Release|x86
	EndGlobalSection
	GlobalSection(ProjectConfigurationPlatforms) = postSolution
		{9BA3BF3A-1A23-46BD-9F84-7F50B4AC8CF2}.Debug|x64.ActiveCfg = Debug|x64
		{9BA3BF3A-1A23-46BD-9F84-7F50B4AC8CF2}.Debug|x64.Build.0 = Debug|x64
		{9BA3BF3A-1A23-46BD-9F84-7F50B4AC8CF2}.Debug|x86.ActiveCfg = Debug|Win32
		{9BA3BF3A-1A23-46BD-9F84-7F50B4AC8CF2}.Debug|x86.Build.0 = Debug|Win32
		{9BA3BF3A-1A23-46BD-9F84-7F50B4AC8CF2}.Release|x64.ActiveCfg = Release|x64
		{9BA3BF3A-1A23-46BD-9F84-7F50B4AC8CF2}.Release|x64.Build.0 = Release|x64
		{9BA3BF3A-1A23-46BD-9F84-7F50B4AC8CF2}.Release|x86.ActiveCfg = Release|Win32
		{9BA3BF3A-1A23-46BD-9F84-7F50B4AC8CF2}.Release|x86.Build.0 = Release|Win32
	EndGlobalSection
	GlobalSection(SolutionProperties) = preSolution
		HideSolutionNode = FALSE
	EndGlobalSection
	GlobalSection(ExtensibilityGlobals) = postSolution
		SolutionGuid = {620B48FB-6779-4EC9-801A-4A1946FE89FC}
	EndGlobalSection
EndGlobal
