
Microsoft Visual Studio Solution File, Format Version 12.00
# Visual Studio 15
VisualStudioVersion = 15.0.28307.106
MinimumVisualStudioVersion = 10.0.40219.1
Project("{8BC9CEB8-8B4A-11D0-8D11-00A0C91BC942}") = "数字转换为16进制数", "数字转换为16进制数\数字转换为16进制数.vcxproj", "{ED26F6F1-3650-4AC1-BCE7-C3076F5F4E69}"
EndProject
Global
	GlobalSection(SolutionConfigurationPlatforms) = preSolution
		Debug|x64 = Debug|x64
		Debug|x86 = Debug|x86
		Release|x64 = Release|x64
		Release|x86 = Release|x86
	EndGlobalSection
	GlobalSection(ProjectConfigurationPlatforms) = postSolution
		{ED26F6F1-3650-4AC1-BCE7-C3076F5F4E69}.Debug|x64.ActiveCfg = Debug|x64
		{ED26F6F1-3650-4AC1-BCE7-C3076F5F4E69}.Debug|x64.Build.0 = Debug|x64
		{ED26F6F1-3650-4AC1-BCE7-C3076F5F4E69}.Debug|x86.ActiveCfg = Debug|Win32
		{ED26F6F1-3650-4AC1-BCE7-C3076F5F4E69}.Debug|x86.Build.0 = Debug|Win32
		{ED26F6F1-3650-4AC1-BCE7-C3076F5F4E69}.Release|x64.ActiveCfg = Release|x64
		{ED26F6F1-3650-4AC1-BCE7-C3076F5F4E69}.Release|x64.Build.0 = Release|x64
		{ED26F6F1-3650-4AC1-BCE7-C3076F5F4E69}.Release|x86.ActiveCfg = Release|Win32
		{ED26F6F1-3650-4AC1-BCE7-C3076F5F4E69}.Release|x86.Build.0 = Release|Win32
	EndGlobalSection
	GlobalSection(SolutionProperties) = preSolution
		HideSolutionNode = FALSE
	EndGlobalSection
	GlobalSection(ExtensibilityGlobals) = postSolution
		SolutionGuid = {F597CC55-2845-4BB2-9855-F9846F8EB91D}
	EndGlobalSection
EndGlobal
