
Microsoft Visual Studio Solution File, Format Version 12.00
# Visual Studio 15
VisualStudioVersion = 15.0.28307.106
MinimumVisualStudioVersion = 10.0.40219.1
Project("{8BC9CEB8-8B4A-11D0-8D11-00A0C91BC942}") = "c练习6", "c练习6\c练习6.vcxproj", "{508F6B65-D6E7-4F51-A962-7F8FD40544EC}"
EndProject
Global
	GlobalSection(SolutionConfigurationPlatforms) = preSolution
		Debug|x64 = Debug|x64
		Debug|x86 = Debug|x86
		Release|x64 = Release|x64
		Release|x86 = Release|x86
	EndGlobalSection
	GlobalSection(ProjectConfigurationPlatforms) = postSolution
		{508F6B65-D6E7-4F51-A962-7F8FD40544EC}.Debug|x64.ActiveCfg = Debug|x64
		{508F6B65-D6E7-4F51-A962-7F8FD40544EC}.Debug|x64.Build.0 = Debug|x64
		{508F6B65-D6E7-4F51-A962-7F8FD40544EC}.Debug|x86.ActiveCfg = Debug|Win32
		{508F6B65-D6E7-4F51-A962-7F8FD40544EC}.Debug|x86.Build.0 = Debug|Win32
		{508F6B65-D6E7-4F51-A962-7F8FD40544EC}.Release|x64.ActiveCfg = Release|x64
		{508F6B65-D6E7-4F51-A962-7F8FD40544EC}.Release|x64.Build.0 = Release|x64
		{508F6B65-D6E7-4F51-A962-7F8FD40544EC}.Release|x86.ActiveCfg = Release|Win32
		{508F6B65-D6E7-4F51-A962-7F8FD40544EC}.Release|x86.Build.0 = Release|Win32
	EndGlobalSection
	GlobalSection(SolutionProperties) = preSolution
		HideSolutionNode = FALSE
	EndGlobalSection
	GlobalSection(ExtensibilityGlobals) = postSolution
		SolutionGuid = {3D54B302-617B-4FC6-8DF6-2C32222400BA}
	EndGlobalSection
EndGlobal
