
Microsoft Visual Studio Solution File, Format Version 12.00
# Visual Studio 15
VisualStudioVersion = 15.0.28307.106
MinimumVisualStudioVersion = 10.0.40219.1
Project("{8BC9CEB8-8B4A-11D0-8D11-00A0C91BC942}") = "整数无序数组中求第K大数", "整数无序数组中求第K大数\整数无序数组中求第K大数.vcxproj", "{BC6CEBAD-B1A6-4565-A06F-C7FEF83988AE}"
EndProject
Global
	GlobalSection(SolutionConfigurationPlatforms) = preSolution
		Debug|x64 = Debug|x64
		Debug|x86 = Debug|x86
		Release|x64 = Release|x64
		Release|x86 = Release|x86
	EndGlobalSection
	GlobalSection(ProjectConfigurationPlatforms) = postSolution
		{BC6CEBAD-B1A6-4565-A06F-C7FEF83988AE}.Debug|x64.ActiveCfg = Debug|x64
		{BC6CEBAD-B1A6-4565-A06F-C7FEF83988AE}.Debug|x64.Build.0 = Debug|x64
		{BC6CEBAD-B1A6-4565-A06F-C7FEF83988AE}.Debug|x86.ActiveCfg = Debug|Win32
		{BC6CEBAD-B1A6-4565-A06F-C7FEF83988AE}.Debug|x86.Build.0 = Debug|Win32
		{BC6CEBAD-B1A6-4565-A06F-C7FEF83988AE}.Release|x64.ActiveCfg = Release|x64
		{BC6CEBAD-B1A6-4565-A06F-C7FEF83988AE}.Release|x64.Build.0 = Release|x64
		{BC6CEBAD-B1A6-4565-A06F-C7FEF83988AE}.Release|x86.ActiveCfg = Release|Win32
		{BC6CEBAD-B1A6-4565-A06F-C7FEF83988AE}.Release|x86.Build.0 = Release|Win32
	EndGlobalSection
	GlobalSection(SolutionProperties) = preSolution
		HideSolutionNode = FALSE
	EndGlobalSection
	GlobalSection(ExtensibilityGlobals) = postSolution
		SolutionGuid = {F8E05695-2089-4FC5-8FAA-4F6DE6C72E03}
	EndGlobalSection
EndGlobal
