
Microsoft Visual Studio Solution File, Format Version 12.00
# Visual Studio 15
VisualStudioVersion = 15.0.28307.106
MinimumVisualStudioVersion = 10.0.40219.1
Project("{8BC9CEB8-8B4A-11D0-8D11-00A0C91BC942}") = "斐波那契数列最小距离", "斐波那契数列最小距离\斐波那契数列最小距离.vcxproj", "{2F541C7B-EF23-4052-911F-8714DAAFABCC}"
EndProject
Global
	GlobalSection(SolutionConfigurationPlatforms) = preSolution
		Debug|x64 = Debug|x64
		Debug|x86 = Debug|x86
		Release|x64 = Release|x64
		Release|x86 = Release|x86
	EndGlobalSection
	GlobalSection(ProjectConfigurationPlatforms) = postSolution
		{2F541C7B-EF23-4052-911F-8714DAAFABCC}.Debug|x64.ActiveCfg = Debug|x64
		{2F541C7B-EF23-4052-911F-8714DAAFABCC}.Debug|x64.Build.0 = Debug|x64
		{2F541C7B-EF23-4052-911F-8714DAAFABCC}.Debug|x86.ActiveCfg = Debug|Win32
		{2F541C7B-EF23-4052-911F-8714DAAFABCC}.Debug|x86.Build.0 = Debug|Win32
		{2F541C7B-EF23-4052-911F-8714DAAFABCC}.Release|x64.ActiveCfg = Release|x64
		{2F541C7B-EF23-4052-911F-8714DAAFABCC}.Release|x64.Build.0 = Release|x64
		{2F541C7B-EF23-4052-911F-8714DAAFABCC}.Release|x86.ActiveCfg = Release|Win32
		{2F541C7B-EF23-4052-911F-8714DAAFABCC}.Release|x86.Build.0 = Release|Win32
	EndGlobalSection
	GlobalSection(SolutionProperties) = preSolution
		HideSolutionNode = FALSE
	EndGlobalSection
	GlobalSection(ExtensibilityGlobals) = postSolution
		SolutionGuid = {59AA442C-BD52-46F9-99CA-50256AAEB241}
	EndGlobalSection
EndGlobal
