
Microsoft Visual Studio Solution File, Format Version 12.00
# Visual Studio 15
VisualStudioVersion = 15.0.28307.106
MinimumVisualStudioVersion = 10.0.40219.1
Project("{8BC9CEB8-8B4A-11D0-8D11-00A0C91BC942}") = "MP3光标位置", "MP3光标位置\MP3光标位置.vcxproj", "{68E9C080-31FE-4D20-AEC4-0745047C90DE}"
EndProject
Global
	GlobalSection(SolutionConfigurationPlatforms) = preSolution
		Debug|x64 = Debug|x64
		Debug|x86 = Debug|x86
		Release|x64 = Release|x64
		Release|x86 = Release|x86
	EndGlobalSection
	GlobalSection(ProjectConfigurationPlatforms) = postSolution
		{68E9C080-31FE-4D20-AEC4-0745047C90DE}.Debug|x64.ActiveCfg = Debug|x64
		{68E9C080-31FE-4D20-AEC4-0745047C90DE}.Debug|x64.Build.0 = Debug|x64
		{68E9C080-31FE-4D20-AEC4-0745047C90DE}.Debug|x86.ActiveCfg = Debug|Win32
		{68E9C080-31FE-4D20-AEC4-0745047C90DE}.Debug|x86.Build.0 = Debug|Win32
		{68E9C080-31FE-4D20-AEC4-0745047C90DE}.Release|x64.ActiveCfg = Release|x64
		{68E9C080-31FE-4D20-AEC4-0745047C90DE}.Release|x64.Build.0 = Release|x64
		{68E9C080-31FE-4D20-AEC4-0745047C90DE}.Release|x86.ActiveCfg = Release|Win32
		{68E9C080-31FE-4D20-AEC4-0745047C90DE}.Release|x86.Build.0 = Release|Win32
	EndGlobalSection
	GlobalSection(SolutionProperties) = preSolution
		HideSolutionNode = FALSE
	EndGlobalSection
	GlobalSection(ExtensibilityGlobals) = postSolution
		SolutionGuid = {1A215C5B-7361-48FD-9A26-1A12764FF8C6}
	EndGlobalSection
EndGlobal
