
Microsoft Visual Studio Solution File, Format Version 12.00
# Visual Studio 15
VisualStudioVersion = 15.0.28307.106
MinimumVisualStudioVersion = 10.0.40219.1
Project("{8BC9CEB8-8B4A-11D0-8D11-00A0C91BC942}") = "c练习13", "c练习13\c练习13.vcxproj", "{C45618D8-1926-42B3-ACFA-A429D55126A5}"
EndProject
Global
	GlobalSection(SolutionConfigurationPlatforms) = preSolution
		Debug|x64 = Debug|x64
		Debug|x86 = Debug|x86
		Release|x64 = Release|x64
		Release|x86 = Release|x86
	EndGlobalSection
	GlobalSection(ProjectConfigurationPlatforms) = postSolution
		{C45618D8-1926-42B3-ACFA-A429D55126A5}.Debug|x64.ActiveCfg = Debug|x64
		{C45618D8-1926-42B3-ACFA-A429D55126A5}.Debug|x64.Build.0 = Debug|x64
		{C45618D8-1926-42B3-ACFA-A429D55126A5}.Debug|x86.ActiveCfg = Debug|Win32
		{C45618D8-1926-42B3-ACFA-A429D55126A5}.Debug|x86.Build.0 = Debug|Win32
		{C45618D8-1926-42B3-ACFA-A429D55126A5}.Release|x64.ActiveCfg = Release|x64
		{C45618D8-1926-42B3-ACFA-A429D55126A5}.Release|x64.Build.0 = Release|x64
		{C45618D8-1926-42B3-ACFA-A429D55126A5}.Release|x86.ActiveCfg = Release|Win32
		{C45618D8-1926-42B3-ACFA-A429D55126A5}.Release|x86.Build.0 = Release|Win32
	EndGlobalSection
	GlobalSection(SolutionProperties) = preSolution
		HideSolutionNode = FALSE
	EndGlobalSection
	GlobalSection(ExtensibilityGlobals) = postSolution
		SolutionGuid = {4231943E-0ADE-49E5-840B-B01A8CC65B00}
	EndGlobalSection
EndGlobal
