
Microsoft Visual Studio Solution File, Format Version 12.00
# Visual Studio 15
VisualStudioVersion = 15.0.28307.106
MinimumVisualStudioVersion = 10.0.40219.1
Project("{8BC9CEB8-8B4A-11D0-8D11-00A0C91BC942}") = "进制数转换", "进制数转换\进制数转换.vcxproj", "{3BC7C12C-4EB0-4B51-9FDD-31838515BFB9}"
EndProject
Global
	GlobalSection(SolutionConfigurationPlatforms) = preSolution
		Debug|x64 = Debug|x64
		Debug|x86 = Debug|x86
		Release|x64 = Release|x64
		Release|x86 = Release|x86
	EndGlobalSection
	GlobalSection(ProjectConfigurationPlatforms) = postSolution
		{3BC7C12C-4EB0-4B51-9FDD-31838515BFB9}.Debug|x64.ActiveCfg = Debug|x64
		{3BC7C12C-4EB0-4B51-9FDD-31838515BFB9}.Debug|x64.Build.0 = Debug|x64
		{3BC7C12C-4EB0-4B51-9FDD-31838515BFB9}.Debug|x86.ActiveCfg = Debug|Win32
		{3BC7C12C-4EB0-4B51-9FDD-31838515BFB9}.Debug|x86.Build.0 = Debug|Win32
		{3BC7C12C-4EB0-4B51-9FDD-31838515BFB9}.Release|x64.ActiveCfg = Release|x64
		{3BC7C12C-4EB0-4B51-9FDD-31838515BFB9}.Release|x64.Build.0 = Release|x64
		{3BC7C12C-4EB0-4B51-9FDD-31838515BFB9}.Release|x86.ActiveCfg = Release|Win32
		{3BC7C12C-4EB0-4B51-9FDD-31838515BFB9}.Release|x86.Build.0 = Release|Win32
	EndGlobalSection
	GlobalSection(SolutionProperties) = preSolution
		HideSolutionNode = FALSE
	EndGlobalSection
	GlobalSection(ExtensibilityGlobals) = postSolution
		SolutionGuid = {A7E9FC63-E9D2-4A56-B415-4FABC31CB3C3}
	EndGlobalSection
EndGlobal
