
Microsoft Visual Studio Solution File, Format Version 12.00
# Visual Studio 15
VisualStudioVersion = 15.0.28307.106
MinimumVisualStudioVersion = 10.0.40219.1
Project("{8BC9CEB8-8B4A-11D0-8D11-00A0C91BC942}") = "数组移动跳跃", "数组移动跳跃\数组移动跳跃.vcxproj", "{49DEED26-7990-4ABC-84E6-4D4ED947F3AE}"
EndProject
Global
	GlobalSection(SolutionConfigurationPlatforms) = preSolution
		Debug|x64 = Debug|x64
		Debug|x86 = Debug|x86
		Release|x64 = Release|x64
		Release|x86 = Release|x86
	EndGlobalSection
	GlobalSection(ProjectConfigurationPlatforms) = postSolution
		{49DEED26-7990-4ABC-84E6-4D4ED947F3AE}.Debug|x64.ActiveCfg = Debug|x64
		{49DEED26-7990-4ABC-84E6-4D4ED947F3AE}.Debug|x64.Build.0 = Debug|x64
		{49DEED26-7990-4ABC-84E6-4D4ED947F3AE}.Debug|x86.ActiveCfg = Debug|Win32
		{49DEED26-7990-4ABC-84E6-4D4ED947F3AE}.Debug|x86.Build.0 = Debug|Win32
		{49DEED26-7990-4ABC-84E6-4D4ED947F3AE}.Release|x64.ActiveCfg = Release|x64
		{49DEED26-7990-4ABC-84E6-4D4ED947F3AE}.Release|x64.Build.0 = Release|x64
		{49DEED26-7990-4ABC-84E6-4D4ED947F3AE}.Release|x86.ActiveCfg = Release|Win32
		{49DEED26-7990-4ABC-84E6-4D4ED947F3AE}.Release|x86.Build.0 = Release|Win32
	EndGlobalSection
	GlobalSection(SolutionProperties) = preSolution
		HideSolutionNode = FALSE
	EndGlobalSection
	GlobalSection(ExtensibilityGlobals) = postSolution
		SolutionGuid = {4FCD32BC-0909-4449-8C52-C928026945C9}
	EndGlobalSection
EndGlobal
