
Microsoft Visual Studio Solution File, Format Version 12.00
# Visual Studio 15
VisualStudioVersion = 15.0.28307.106
MinimumVisualStudioVersion = 10.0.40219.1
Project("{8BC9CEB8-8B4A-11D0-8D11-00A0C91BC942}") = "排序五  堆排序", "排序五  堆排序\排序五  堆排序.vcxproj", "{F7B11B6D-A745-4CA7-8CD3-D6CB3EA475DC}"
EndProject
Global
	GlobalSection(SolutionConfigurationPlatforms) = preSolution
		Debug|x64 = Debug|x64
		Debug|x86 = Debug|x86
		Release|x64 = Release|x64
		Release|x86 = Release|x86
	EndGlobalSection
	GlobalSection(ProjectConfigurationPlatforms) = postSolution
		{F7B11B6D-A745-4CA7-8CD3-D6CB3EA475DC}.Debug|x64.ActiveCfg = Debug|x64
		{F7B11B6D-A745-4CA7-8CD3-D6CB3EA475DC}.Debug|x64.Build.0 = Debug|x64
		{F7B11B6D-A745-4CA7-8CD3-D6CB3EA475DC}.Debug|x86.ActiveCfg = Debug|Win32
		{F7B11B6D-A745-4CA7-8CD3-D6CB3EA475DC}.Debug|x86.Build.0 = Debug|Win32
		{F7B11B6D-A745-4CA7-8CD3-D6CB3EA475DC}.Release|x64.ActiveCfg = Release|x64
		{F7B11B6D-A745-4CA7-8CD3-D6CB3EA475DC}.Release|x64.Build.0 = Release|x64
		{F7B11B6D-A745-4CA7-8CD3-D6CB3EA475DC}.Release|x86.ActiveCfg = Release|Win32
		{F7B11B6D-A745-4CA7-8CD3-D6CB3EA475DC}.Release|x86.Build.0 = Release|Win32
	EndGlobalSection
	GlobalSection(SolutionProperties) = preSolution
		HideSolutionNode = FALSE
	EndGlobalSection
	GlobalSection(ExtensibilityGlobals) = postSolution
		SolutionGuid = {8A6D1A0F-9F41-4210-B8AA-9B18671E8363}
	EndGlobalSection
EndGlobal
