
Microsoft Visual Studio Solution File, Format Version 12.00
# Visual Studio 15
VisualStudioVersion = 15.0.28307.106
MinimumVisualStudioVersion = 10.0.40219.1
Project("{8BC9CEB8-8B4A-11D0-8D11-00A0C91BC942}") = "复制带随机指针的链表", "复制带随机指针的链表\复制带随机指针的链表.vcxproj", "{590AFBDD-7C39-4B55-8793-D9ADC00DD8FD}"
EndProject
Global
	GlobalSection(SolutionConfigurationPlatforms) = preSolution
		Debug|x64 = Debug|x64
		Debug|x86 = Debug|x86
		Release|x64 = Release|x64
		Release|x86 = Release|x86
	EndGlobalSection
	GlobalSection(ProjectConfigurationPlatforms) = postSolution
		{590AFBDD-7C39-4B55-8793-D9ADC00DD8FD}.Debug|x64.ActiveCfg = Debug|x64
		{590AFBDD-7C39-4B55-8793-D9ADC00DD8FD}.Debug|x64.Build.0 = Debug|x64
		{590AFBDD-7C39-4B55-8793-D9ADC00DD8FD}.Debug|x86.ActiveCfg = Debug|Win32
		{590AFBDD-7C39-4B55-8793-D9ADC00DD8FD}.Debug|x86.Build.0 = Debug|Win32
		{590AFBDD-7C39-4B55-8793-D9ADC00DD8FD}.Release|x64.ActiveCfg = Release|x64
		{590AFBDD-7C39-4B55-8793-D9ADC00DD8FD}.Release|x64.Build.0 = Release|x64
		{590AFBDD-7C39-4B55-8793-D9ADC00DD8FD}.Release|x86.ActiveCfg = Release|Win32
		{590AFBDD-7C39-4B55-8793-D9ADC00DD8FD}.Release|x86.Build.0 = Release|Win32
	EndGlobalSection
	GlobalSection(SolutionProperties) = preSolution
		HideSolutionNode = FALSE
	EndGlobalSection
	GlobalSection(ExtensibilityGlobals) = postSolution
		SolutionGuid = {DF6375E3-C957-4C89-9433-25F65A90B8B0}
	EndGlobalSection
EndGlobal
