
Microsoft Visual Studio Solution File, Format Version 12.00
# Visual Studio 15
VisualStudioVersion = 15.0.28307.106
MinimumVisualStudioVersion = 10.0.40219.1
Project("{8BC9CEB8-8B4A-11D0-8D11-00A0C91BC942}") = "合法括号序列匹配", "合法括号序列匹配\合法括号序列匹配.vcxproj", "{479E4787-1A4E-4092-9F29-312DB62E1141}"
EndProject
Global
	GlobalSection(SolutionConfigurationPlatforms) = preSolution
		Debug|x64 = Debug|x64
		Debug|x86 = Debug|x86
		Release|x64 = Release|x64
		Release|x86 = Release|x86
	EndGlobalSection
	GlobalSection(ProjectConfigurationPlatforms) = postSolution
		{479E4787-1A4E-4092-9F29-312DB62E1141}.Debug|x64.ActiveCfg = Debug|x64
		{479E4787-1A4E-4092-9F29-312DB62E1141}.Debug|x64.Build.0 = Debug|x64
		{479E4787-1A4E-4092-9F29-312DB62E1141}.Debug|x86.ActiveCfg = Debug|Win32
		{479E4787-1A4E-4092-9F29-312DB62E1141}.Debug|x86.Build.0 = Debug|Win32
		{479E4787-1A4E-4092-9F29-312DB62E1141}.Release|x64.ActiveCfg = Release|x64
		{479E4787-1A4E-4092-9F29-312DB62E1141}.Release|x64.Build.0 = Release|x64
		{479E4787-1A4E-4092-9F29-312DB62E1141}.Release|x86.ActiveCfg = Release|Win32
		{479E4787-1A4E-4092-9F29-312DB62E1141}.Release|x86.Build.0 = Release|Win32
	EndGlobalSection
	GlobalSection(SolutionProperties) = preSolution
		HideSolutionNode = FALSE
	EndGlobalSection
	GlobalSection(ExtensibilityGlobals) = postSolution
		SolutionGuid = {B5A8E58E-0DFE-4F9E-80DC-DEEDC60DDA9E}
	EndGlobalSection
EndGlobal
