
Microsoft Visual Studio Solution File, Format Version 12.00
# Visual Studio 15
VisualStudioVersion = 15.0.28307.106
MinimumVisualStudioVersion = 10.0.40219.1
Project("{8BC9CEB8-8B4A-11D0-8D11-00A0C91BC942}") = "验证回文串", "验证回文串\验证回文串.vcxproj", "{CE2224E9-14CD-4CF3-A826-6690516AE046}"
EndProject
Global
	GlobalSection(SolutionConfigurationPlatforms) = preSolution
		Debug|x64 = Debug|x64
		Debug|x86 = Debug|x86
		Release|x64 = Release|x64
		Release|x86 = Release|x86
	EndGlobalSection
	GlobalSection(ProjectConfigurationPlatforms) = postSolution
		{CE2224E9-14CD-4CF3-A826-6690516AE046}.Debug|x64.ActiveCfg = Debug|x64
		{CE2224E9-14CD-4CF3-A826-6690516AE046}.Debug|x64.Build.0 = Debug|x64
		{CE2224E9-14CD-4CF3-A826-6690516AE046}.Debug|x86.ActiveCfg = Debug|Win32
		{CE2224E9-14CD-4CF3-A826-6690516AE046}.Debug|x86.Build.0 = Debug|Win32
		{CE2224E9-14CD-4CF3-A826-6690516AE046}.Release|x64.ActiveCfg = Release|x64
		{CE2224E9-14CD-4CF3-A826-6690516AE046}.Release|x64.Build.0 = Release|x64
		{CE2224E9-14CD-4CF3-A826-6690516AE046}.Release|x86.ActiveCfg = Release|Win32
		{CE2224E9-14CD-4CF3-A826-6690516AE046}.Release|x86.Build.0 = Release|Win32
	EndGlobalSection
	GlobalSection(SolutionProperties) = preSolution
		HideSolutionNode = FALSE
	EndGlobalSection
	GlobalSection(ExtensibilityGlobals) = postSolution
		SolutionGuid = {6A97D5D4-542D-41EA-BD7A-AE9A2CABFD97}
	EndGlobalSection
EndGlobal
