
Microsoft Visual Studio Solution File, Format Version 12.00
# Visual Studio 15
VisualStudioVersion = 15.0.28307.106
MinimumVisualStudioVersion = 10.0.40219.1
Project("{8BC9CEB8-8B4A-11D0-8D11-00A0C91BC942}") = "c练习9", "c练习9\c练习9.vcxproj", "{F464F55E-5FE3-4F02-B783-605C87A93EF8}"
EndProject
Global
	GlobalSection(SolutionConfigurationPlatforms) = preSolution
		Debug|x64 = Debug|x64
		Debug|x86 = Debug|x86
		Release|x64 = Release|x64
		Release|x86 = Release|x86
	EndGlobalSection
	GlobalSection(ProjectConfigurationPlatforms) = postSolution
		{F464F55E-5FE3-4F02-B783-605C87A93EF8}.Debug|x64.ActiveCfg = Debug|x64
		{F464F55E-5FE3-4F02-B783-605C87A93EF8}.Debug|x64.Build.0 = Debug|x64
		{F464F55E-5FE3-4F02-B783-605C87A93EF8}.Debug|x86.ActiveCfg = Debug|Win32
		{F464F55E-5FE3-4F02-B783-605C87A93EF8}.Debug|x86.Build.0 = Debug|Win32
		{F464F55E-5FE3-4F02-B783-605C87A93EF8}.Release|x64.ActiveCfg = Release|x64
		{F464F55E-5FE3-4F02-B783-605C87A93EF8}.Release|x64.Build.0 = Release|x64
		{F464F55E-5FE3-4F02-B783-605C87A93EF8}.Release|x86.ActiveCfg = Release|Win32
		{F464F55E-5FE3-4F02-B783-605C87A93EF8}.Release|x86.Build.0 = Release|Win32
	EndGlobalSection
	GlobalSection(SolutionProperties) = preSolution
		HideSolutionNode = FALSE
	EndGlobalSection
	GlobalSection(ExtensibilityGlobals) = postSolution
		SolutionGuid = {E3D8EA1A-7FFB-4B83-A294-6F11E5ACD49D}
	EndGlobalSection
EndGlobal
