
Microsoft Visual Studio Solution File, Format Version 12.00
# Visual Studio 15
VisualStudioVersion = 15.0.28307.106
MinimumVisualStudioVersion = 10.0.40219.1
Project("{8BC9CEB8-8B4A-11D0-8D11-00A0C91BC942}") = "分数相加", "分数相加\分数相加.vcxproj", "{8B9B62F1-AD0F-4017-89EC-973B75EB29BC}"
EndProject
Global
	GlobalSection(SolutionConfigurationPlatforms) = preSolution
		Debug|x64 = Debug|x64
		Debug|x86 = Debug|x86
		Release|x64 = Release|x64
		Release|x86 = Release|x86
	EndGlobalSection
	GlobalSection(ProjectConfigurationPlatforms) = postSolution
		{8B9B62F1-AD0F-4017-89EC-973B75EB29BC}.Debug|x64.ActiveCfg = Debug|x64
		{8B9B62F1-AD0F-4017-89EC-973B75EB29BC}.Debug|x64.Build.0 = Debug|x64
		{8B9B62F1-AD0F-4017-89EC-973B75EB29BC}.Debug|x86.ActiveCfg = Debug|Win32
		{8B9B62F1-AD0F-4017-89EC-973B75EB29BC}.Debug|x86.Build.0 = Debug|Win32
		{8B9B62F1-AD0F-4017-89EC-973B75EB29BC}.Release|x64.ActiveCfg = Release|x64
		{8B9B62F1-AD0F-4017-89EC-973B75EB29BC}.Release|x64.Build.0 = Release|x64
		{8B9B62F1-AD0F-4017-89EC-973B75EB29BC}.Release|x86.ActiveCfg = Release|Win32
		{8B9B62F1-AD0F-4017-89EC-973B75EB29BC}.Release|x86.Build.0 = Release|Win32
	EndGlobalSection
	GlobalSection(SolutionProperties) = preSolution
		HideSolutionNode = FALSE
	EndGlobalSection
	GlobalSection(ExtensibilityGlobals) = postSolution
		SolutionGuid = {1F91FD49-03C8-43D8-8494-C7F8A07568E7}
	EndGlobalSection
EndGlobal
