
Microsoft Visual Studio Solution File, Format Version 12.00
# Visual Studio 15
VisualStudioVersion = 15.0.28307.106
MinimumVisualStudioVersion = 10.0.40219.1
Project("{8BC9CEB8-8B4A-11D0-8D11-00A0C91BC942}") = "猜数字", "猜数字\猜数字.vcxproj", "{DB28F3A4-56F3-4F08-98B3-94A0B26AB3D8}"
EndProject
Global
	GlobalSection(SolutionConfigurationPlatforms) = preSolution
		Debug|x64 = Debug|x64
		Debug|x86 = Debug|x86
		Release|x64 = Release|x64
		Release|x86 = Release|x86
	EndGlobalSection
	GlobalSection(ProjectConfigurationPlatforms) = postSolution
		{DB28F3A4-56F3-4F08-98B3-94A0B26AB3D8}.Debug|x64.ActiveCfg = Debug|x64
		{DB28F3A4-56F3-4F08-98B3-94A0B26AB3D8}.Debug|x64.Build.0 = Debug|x64
		{DB28F3A4-56F3-4F08-98B3-94A0B26AB3D8}.Debug|x86.ActiveCfg = Debug|Win32
		{DB28F3A4-56F3-4F08-98B3-94A0B26AB3D8}.Debug|x86.Build.0 = Debug|Win32
		{DB28F3A4-56F3-4F08-98B3-94A0B26AB3D8}.Release|x64.ActiveCfg = Release|x64
		{DB28F3A4-56F3-4F08-98B3-94A0B26AB3D8}.Release|x64.Build.0 = Release|x64
		{DB28F3A4-56F3-4F08-98B3-94A0B26AB3D8}.Release|x86.ActiveCfg = Release|Win32
		{DB28F3A4-56F3-4F08-98B3-94A0B26AB3D8}.Release|x86.Build.0 = Release|Win32
	EndGlobalSection
	GlobalSection(SolutionProperties) = preSolution
		HideSolutionNode = FALSE
	EndGlobalSection
	GlobalSection(ExtensibilityGlobals) = postSolution
		SolutionGuid = {F0273B4C-DE9C-41AA-B159-6ABCB9EC648F}
	EndGlobalSection
EndGlobal
