
Microsoft Visual Studio Solution File, Format Version 12.00
# Visual Studio 15
VisualStudioVersion = 15.0.28307.106
MinimumVisualStudioVersion = 10.0.40219.1
Project("{8BC9CEB8-8B4A-11D0-8D11-00A0C91BC942}") = "给定无序序列求连续字串的最大和", "给定无序序列求连续字串的最大和\给定无序序列求连续字串的最大和.vcxproj", "{C810B565-E2E1-46BB-8AAD-067AF2E80A64}"
EndProject
Global
	GlobalSection(SolutionConfigurationPlatforms) = preSolution
		Debug|x64 = Debug|x64
		Debug|x86 = Debug|x86
		Release|x64 = Release|x64
		Release|x86 = Release|x86
	EndGlobalSection
	GlobalSection(ProjectConfigurationPlatforms) = postSolution
		{C810B565-E2E1-46BB-8AAD-067AF2E80A64}.Debug|x64.ActiveCfg = Debug|x64
		{C810B565-E2E1-46BB-8AAD-067AF2E80A64}.Debug|x64.Build.0 = Debug|x64
		{C810B565-E2E1-46BB-8AAD-067AF2E80A64}.Debug|x86.ActiveCfg = Debug|Win32
		{C810B565-E2E1-46BB-8AAD-067AF2E80A64}.Debug|x86.Build.0 = Debug|Win32
		{C810B565-E2E1-46BB-8AAD-067AF2E80A64}.Release|x64.ActiveCfg = Release|x64
		{C810B565-E2E1-46BB-8AAD-067AF2E80A64}.Release|x64.Build.0 = Release|x64
		{C810B565-E2E1-46BB-8AAD-067AF2E80A64}.Release|x86.ActiveCfg = Release|Win32
		{C810B565-E2E1-46BB-8AAD-067AF2E80A64}.Release|x86.Build.0 = Release|Win32
	EndGlobalSection
	GlobalSection(SolutionProperties) = preSolution
		HideSolutionNode = FALSE
	EndGlobalSection
	GlobalSection(ExtensibilityGlobals) = postSolution
		SolutionGuid = {91607590-619E-477B-A4DA-DE08BD2CBB5E}
	EndGlobalSection
EndGlobal
