
Microsoft Visual Studio Solution File, Format Version 12.00
# Visual Studio 15
VisualStudioVersion = 15.0.28307.106
MinimumVisualStudioVersion = 10.0.40219.1
Project("{8BC9CEB8-8B4A-11D0-8D11-00A0C91BC942}") = "排序二  选择排序", "排序二  选择排序\排序二  选择排序.vcxproj", "{CCAC72CC-E92C-4196-92FC-C5E0B7D29AEA}"
EndProject
Global
	GlobalSection(SolutionConfigurationPlatforms) = preSolution
		Debug|x64 = Debug|x64
		Debug|x86 = Debug|x86
		Release|x64 = Release|x64
		Release|x86 = Release|x86
	EndGlobalSection
	GlobalSection(ProjectConfigurationPlatforms) = postSolution
		{CCAC72CC-E92C-4196-92FC-C5E0B7D29AEA}.Debug|x64.ActiveCfg = Debug|x64
		{CCAC72CC-E92C-4196-92FC-C5E0B7D29AEA}.Debug|x64.Build.0 = Debug|x64
		{CCAC72CC-E92C-4196-92FC-C5E0B7D29AEA}.Debug|x86.ActiveCfg = Debug|Win32
		{CCAC72CC-E92C-4196-92FC-C5E0B7D29AEA}.Debug|x86.Build.0 = Debug|Win32
		{CCAC72CC-E92C-4196-92FC-C5E0B7D29AEA}.Release|x64.ActiveCfg = Release|x64
		{CCAC72CC-E92C-4196-92FC-C5E0B7D29AEA}.Release|x64.Build.0 = Release|x64
		{CCAC72CC-E92C-4196-92FC-C5E0B7D29AEA}.Release|x86.ActiveCfg = Release|Win32
		{CCAC72CC-E92C-4196-92FC-C5E0B7D29AEA}.Release|x86.Build.0 = Release|Win32
	EndGlobalSection
	GlobalSection(SolutionProperties) = preSolution
		HideSolutionNode = FALSE
	EndGlobalSection
	GlobalSection(ExtensibilityGlobals) = postSolution
		SolutionGuid = {C2604387-629C-4C4D-9B8E-48463818BC13}
	EndGlobalSection
EndGlobal
