
Microsoft Visual Studio Solution File, Format Version 12.00
# Visual Studio 15
VisualStudioVersion = 15.0.28307.106
MinimumVisualStudioVersion = 10.0.40219.1
Project("{8BC9CEB8-8B4A-11D0-8D11-00A0C91BC942}") = "栈的弹出压入序列", "栈的弹出压入序列\栈的弹出压入序列.vcxproj", "{DD6DEC73-2151-48D6-8E79-52FBB0636FF6}"
EndProject
Global
	GlobalSection(SolutionConfigurationPlatforms) = preSolution
		Debug|x64 = Debug|x64
		Debug|x86 = Debug|x86
		Release|x64 = Release|x64
		Release|x86 = Release|x86
	EndGlobalSection
	GlobalSection(ProjectConfigurationPlatforms) = postSolution
		{DD6DEC73-2151-48D6-8E79-52FBB0636FF6}.Debug|x64.ActiveCfg = Debug|x64
		{DD6DEC73-2151-48D6-8E79-52FBB0636FF6}.Debug|x64.Build.0 = Debug|x64
		{DD6DEC73-2151-48D6-8E79-52FBB0636FF6}.Debug|x86.ActiveCfg = Debug|Win32
		{DD6DEC73-2151-48D6-8E79-52FBB0636FF6}.Debug|x86.Build.0 = Debug|Win32
		{DD6DEC73-2151-48D6-8E79-52FBB0636FF6}.Release|x64.ActiveCfg = Release|x64
		{DD6DEC73-2151-48D6-8E79-52FBB0636FF6}.Release|x64.Build.0 = Release|x64
		{DD6DEC73-2151-48D6-8E79-52FBB0636FF6}.Release|x86.ActiveCfg = Release|Win32
		{DD6DEC73-2151-48D6-8E79-52FBB0636FF6}.Release|x86.Build.0 = Release|Win32
	EndGlobalSection
	GlobalSection(SolutionProperties) = preSolution
		HideSolutionNode = FALSE
	EndGlobalSection
	GlobalSection(ExtensibilityGlobals) = postSolution
		SolutionGuid = {704511DE-41E2-48E1-8CB9-920F2FAEB995}
	EndGlobalSection
EndGlobal
