
Microsoft Visual Studio Solution File, Format Version 12.00
# Visual Studio 15
VisualStudioVersion = 15.0.28307.106
MinimumVisualStudioVersion = 10.0.40219.1
Project("{8BC9CEB8-8B4A-11D0-8D11-00A0C91BC942}") = "最长回文子串", "最长回文子串\最长回文子串.vcxproj", "{6CBE73AB-0581-4EC3-A700-D1D2FACCD894}"
EndProject
Global
	GlobalSection(SolutionConfigurationPlatforms) = preSolution
		Debug|x64 = Debug|x64
		Debug|x86 = Debug|x86
		Release|x64 = Release|x64
		Release|x86 = Release|x86
	EndGlobalSection
	GlobalSection(ProjectConfigurationPlatforms) = postSolution
		{6CBE73AB-0581-4EC3-A700-D1D2FACCD894}.Debug|x64.ActiveCfg = Debug|x64
		{6CBE73AB-0581-4EC3-A700-D1D2FACCD894}.Debug|x64.Build.0 = Debug|x64
		{6CBE73AB-0581-4EC3-A700-D1D2FACCD894}.Debug|x86.ActiveCfg = Debug|Win32
		{6CBE73AB-0581-4EC3-A700-D1D2FACCD894}.Debug|x86.Build.0 = Debug|Win32
		{6CBE73AB-0581-4EC3-A700-D1D2FACCD894}.Release|x64.ActiveCfg = Release|x64
		{6CBE73AB-0581-4EC3-A700-D1D2FACCD894}.Release|x64.Build.0 = Release|x64
		{6CBE73AB-0581-4EC3-A700-D1D2FACCD894}.Release|x86.ActiveCfg = Release|Win32
		{6CBE73AB-0581-4EC3-A700-D1D2FACCD894}.Release|x86.Build.0 = Release|Win32
	EndGlobalSection
	GlobalSection(SolutionProperties) = preSolution
		HideSolutionNode = FALSE
	EndGlobalSection
	GlobalSection(ExtensibilityGlobals) = postSolution
		SolutionGuid = {D6971185-9349-4B59-B684-11E89EECD990}
	EndGlobalSection
EndGlobal
