
Microsoft Visual Studio Solution File, Format Version 12.00
# Visual Studio 15
VisualStudioVersion = 15.0.28307.106
MinimumVisualStudioVersion = 10.0.40219.1
Project("{8BC9CEB8-8B4A-11D0-8D11-00A0C91BC942}") = "运算符重载和虚函数的小应用", "运算符重载和虚函数的小应用\运算符重载和虚函数的小应用.vcxproj", "{040C9804-D1C5-4DC4-8D71-BFB7106A3B31}"
EndProject
Global
	GlobalSection(SolutionConfigurationPlatforms) = preSolution
		Debug|x64 = Debug|x64
		Debug|x86 = Debug|x86
		Release|x64 = Release|x64
		Release|x86 = Release|x86
	EndGlobalSection
	GlobalSection(ProjectConfigurationPlatforms) = postSolution
		{040C9804-D1C5-4DC4-8D71-BFB7106A3B31}.Debug|x64.ActiveCfg = Debug|x64
		{040C9804-D1C5-4DC4-8D71-BFB7106A3B31}.Debug|x64.Build.0 = Debug|x64
		{040C9804-D1C5-4DC4-8D71-BFB7106A3B31}.Debug|x86.ActiveCfg = Debug|Win32
		{040C9804-D1C5-4DC4-8D71-BFB7106A3B31}.Debug|x86.Build.0 = Debug|Win32
		{040C9804-D1C5-4DC4-8D71-BFB7106A3B31}.Release|x64.ActiveCfg = Release|x64
		{040C9804-D1C5-4DC4-8D71-BFB7106A3B31}.Release|x64.Build.0 = Release|x64
		{040C9804-D1C5-4DC4-8D71-BFB7106A3B31}.Release|x86.ActiveCfg = Release|Win32
		{040C9804-D1C5-4DC4-8D71-BFB7106A3B31}.Release|x86.Build.0 = Release|Win32
	EndGlobalSection
	GlobalSection(SolutionProperties) = preSolution
		HideSolutionNode = FALSE
	EndGlobalSection
	GlobalSection(ExtensibilityGlobals) = postSolution
		SolutionGuid = {B9C0CF38-1880-4081-B6BF-49998BE29388}
	EndGlobalSection
EndGlobal
