
Microsoft Visual Studio Solution File, Format Version 12.00
# Visual Studio 15
VisualStudioVersion = 15.0.28307.106
MinimumVisualStudioVersion = 10.0.40219.1
Project("{8BC9CEB8-8B4A-11D0-8D11-00A0C91BC942}") = "c练习33", "c练习33\c练习33.vcxproj", "{19497A3B-BE12-49FD-A70A-3A38258459BA}"
EndProject
Global
	GlobalSection(SolutionConfigurationPlatforms) = preSolution
		Debug|x64 = Debug|x64
		Debug|x86 = Debug|x86
		Release|x64 = Release|x64
		Release|x86 = Release|x86
	EndGlobalSection
	GlobalSection(ProjectConfigurationPlatforms) = postSolution
		{19497A3B-BE12-49FD-A70A-3A38258459BA}.Debug|x64.ActiveCfg = Debug|x64
		{19497A3B-BE12-49FD-A70A-3A38258459BA}.Debug|x64.Build.0 = Debug|x64
		{19497A3B-BE12-49FD-A70A-3A38258459BA}.Debug|x86.ActiveCfg = Debug|Win32
		{19497A3B-BE12-49FD-A70A-3A38258459BA}.Debug|x86.Build.0 = Debug|Win32
		{19497A3B-BE12-49FD-A70A-3A38258459BA}.Release|x64.ActiveCfg = Release|x64
		{19497A3B-BE12-49FD-A70A-3A38258459BA}.Release|x64.Build.0 = Release|x64
		{19497A3B-BE12-49FD-A70A-3A38258459BA}.Release|x86.ActiveCfg = Release|Win32
		{19497A3B-BE12-49FD-A70A-3A38258459BA}.Release|x86.Build.0 = Release|Win32
	EndGlobalSection
	GlobalSection(SolutionProperties) = preSolution
		HideSolutionNode = FALSE
	EndGlobalSection
	GlobalSection(ExtensibilityGlobals) = postSolution
		SolutionGuid = {5BA9AAA6-8F58-4DE5-894A-3BB4F1FAE87F}
	EndGlobalSection
EndGlobal
