
Microsoft Visual Studio Solution File, Format Version 12.00
# Visual Studio 15
VisualStudioVersion = 15.0.28307.106
MinimumVisualStudioVersion = 10.0.40219.1
Project("{8BC9CEB8-8B4A-11D0-8D11-00A0C91BC942}") = "总持续时间可以被60整除的歌曲", "总持续时间可以被60整除的歌曲\总持续时间可以被60整除的歌曲.vcxproj", "{49BAECB2-4755-4318-8ADD-2C77109D6B88}"
EndProject
Global
	GlobalSection(SolutionConfigurationPlatforms) = preSolution
		Debug|x64 = Debug|x64
		Debug|x86 = Debug|x86
		Release|x64 = Release|x64
		Release|x86 = Release|x86
	EndGlobalSection
	GlobalSection(ProjectConfigurationPlatforms) = postSolution
		{49BAECB2-4755-4318-8ADD-2C77109D6B88}.Debug|x64.ActiveCfg = Debug|x64
		{49BAECB2-4755-4318-8ADD-2C77109D6B88}.Debug|x64.Build.0 = Debug|x64
		{49BAECB2-4755-4318-8ADD-2C77109D6B88}.Debug|x86.ActiveCfg = Debug|Win32
		{49BAECB2-4755-4318-8ADD-2C77109D6B88}.Debug|x86.Build.0 = Debug|Win32
		{49BAECB2-4755-4318-8ADD-2C77109D6B88}.Release|x64.ActiveCfg = Release|x64
		{49BAECB2-4755-4318-8ADD-2C77109D6B88}.Release|x64.Build.0 = Release|x64
		{49BAECB2-4755-4318-8ADD-2C77109D6B88}.Release|x86.ActiveCfg = Release|Win32
		{49BAECB2-4755-4318-8ADD-2C77109D6B88}.Release|x86.Build.0 = Release|Win32
	EndGlobalSection
	GlobalSection(SolutionProperties) = preSolution
		HideSolutionNode = FALSE
	EndGlobalSection
	GlobalSection(ExtensibilityGlobals) = postSolution
		SolutionGuid = {7C6339B5-3702-4A58-96EB-B3F333624947}
	EndGlobalSection
EndGlobal
