
Microsoft Visual Studio Solution File, Format Version 12.00
# Visual Studio 15
VisualStudioVersion = 15.0.28307.106
MinimumVisualStudioVersion = 10.0.40219.1
Project("{8BC9CEB8-8B4A-11D0-8D11-00A0C91BC942}") = "获取二进制奇数偶数序列", "获取二进制奇数偶数序列\获取二进制奇数偶数序列.vcxproj", "{BFA05CA8-7B23-4E09-A9BB-9B71206034C6}"
EndProject
Global
	GlobalSection(SolutionConfigurationPlatforms) = preSolution
		Debug|x64 = Debug|x64
		Debug|x86 = Debug|x86
		Release|x64 = Release|x64
		Release|x86 = Release|x86
	EndGlobalSection
	GlobalSection(ProjectConfigurationPlatforms) = postSolution
		{BFA05CA8-7B23-4E09-A9BB-9B71206034C6}.Debug|x64.ActiveCfg = Debug|x64
		{BFA05CA8-7B23-4E09-A9BB-9B71206034C6}.Debug|x64.Build.0 = Debug|x64
		{BFA05CA8-7B23-4E09-A9BB-9B71206034C6}.Debug|x86.ActiveCfg = Debug|Win32
		{BFA05CA8-7B23-4E09-A9BB-9B71206034C6}.Debug|x86.Build.0 = Debug|Win32
		{BFA05CA8-7B23-4E09-A9BB-9B71206034C6}.Release|x64.ActiveCfg = Release|x64
		{BFA05CA8-7B23-4E09-A9BB-9B71206034C6}.Release|x64.Build.0 = Release|x64
		{BFA05CA8-7B23-4E09-A9BB-9B71206034C6}.Release|x86.ActiveCfg = Release|Win32
		{BFA05CA8-7B23-4E09-A9BB-9B71206034C6}.Release|x86.Build.0 = Release|Win32
	EndGlobalSection
	GlobalSection(SolutionProperties) = preSolution
		HideSolutionNode = FALSE
	EndGlobalSection
	GlobalSection(ExtensibilityGlobals) = postSolution
		SolutionGuid = {494FFE6E-F1D0-42B5-B731-A6C478027BA0}
	EndGlobalSection
EndGlobal
