
Microsoft Visual Studio Solution File, Format Version 12.00
# Visual Studio 15
VisualStudioVersion = 15.0.28307.106
MinimumVisualStudioVersion = 10.0.40219.1
Project("{8BC9CEB8-8B4A-11D0-8D11-00A0C91BC942}") = "cl练习38", "cl练习38\cl练习38.vcxproj", "{ADCF8911-0842-4480-8BFE-C9FDE6C1E5DD}"
EndProject
Global
	GlobalSection(SolutionConfigurationPlatforms) = preSolution
		Debug|x64 = Debug|x64
		Debug|x86 = Debug|x86
		Release|x64 = Release|x64
		Release|x86 = Release|x86
	EndGlobalSection
	GlobalSection(ProjectConfigurationPlatforms) = postSolution
		{ADCF8911-0842-4480-8BFE-C9FDE6C1E5DD}.Debug|x64.ActiveCfg = Debug|x64
		{ADCF8911-0842-4480-8BFE-C9FDE6C1E5DD}.Debug|x64.Build.0 = Debug|x64
		{ADCF8911-0842-4480-8BFE-C9FDE6C1E5DD}.Debug|x86.ActiveCfg = Debug|Win32
		{ADCF8911-0842-4480-8BFE-C9FDE6C1E5DD}.Debug|x86.Build.0 = Debug|Win32
		{ADCF8911-0842-4480-8BFE-C9FDE6C1E5DD}.Release|x64.ActiveCfg = Release|x64
		{ADCF8911-0842-4480-8BFE-C9FDE6C1E5DD}.Release|x64.Build.0 = Release|x64
		{ADCF8911-0842-4480-8BFE-C9FDE6C1E5DD}.Release|x86.ActiveCfg = Release|Win32
		{ADCF8911-0842-4480-8BFE-C9FDE6C1E5DD}.Release|x86.Build.0 = Release|Win32
	EndGlobalSection
	GlobalSection(SolutionProperties) = preSolution
		HideSolutionNode = FALSE
	EndGlobalSection
	GlobalSection(ExtensibilityGlobals) = postSolution
		SolutionGuid = {2FDE4E69-35C4-4A2F-9175-F7095AC2D8C5}
	EndGlobalSection
EndGlobal
