
Microsoft Visual Studio Solution File, Format Version 12.00
# Visual Studio 15
VisualStudioVersion = 15.0.28307.106
MinimumVisualStudioVersion = 10.0.40219.1
Project("{8BC9CEB8-8B4A-11D0-8D11-00A0C91BC942}") = "手机号", "手机号\手机号.vcxproj", "{4B607C42-6B92-4EBF-91EA-1BBEE62B78DF}"
EndProject
Global
	GlobalSection(SolutionConfigurationPlatforms) = preSolution
		Debug|x64 = Debug|x64
		Debug|x86 = Debug|x86
		Release|x64 = Release|x64
		Release|x86 = Release|x86
	EndGlobalSection
	GlobalSection(ProjectConfigurationPlatforms) = postSolution
		{4B607C42-6B92-4EBF-91EA-1BBEE62B78DF}.Debug|x64.ActiveCfg = Debug|x64
		{4B607C42-6B92-4EBF-91EA-1BBEE62B78DF}.Debug|x64.Build.0 = Debug|x64
		{4B607C42-6B92-4EBF-91EA-1BBEE62B78DF}.Debug|x86.ActiveCfg = Debug|Win32
		{4B607C42-6B92-4EBF-91EA-1BBEE62B78DF}.Debug|x86.Build.0 = Debug|Win32
		{4B607C42-6B92-4EBF-91EA-1BBEE62B78DF}.Release|x64.ActiveCfg = Release|x64
		{4B607C42-6B92-4EBF-91EA-1BBEE62B78DF}.Release|x64.Build.0 = Release|x64
		{4B607C42-6B92-4EBF-91EA-1BBEE62B78DF}.Release|x86.ActiveCfg = Release|Win32
		{4B607C42-6B92-4EBF-91EA-1BBEE62B78DF}.Release|x86.Build.0 = Release|Win32
	EndGlobalSection
	GlobalSection(SolutionProperties) = preSolution
		HideSolutionNode = FALSE
	EndGlobalSection
	GlobalSection(ExtensibilityGlobals) = postSolution
		SolutionGuid = {9D2CABFC-42CB-4F7E-AE0E-D071D97DB1B4}
	EndGlobalSection
EndGlobal
