
Microsoft Visual Studio Solution File, Format Version 12.00
# Visual Studio 15
VisualStudioVersion = 15.0.28307.106
MinimumVisualStudioVersion = 10.0.40219.1
Project("{8BC9CEB8-8B4A-11D0-8D11-00A0C91BC942}") = "c练习4", "c练习4\c练习4.vcxproj", "{102FA0DF-D6C1-4271-86CC-0AD0957EBC0F}"
EndProject
Global
	GlobalSection(SolutionConfigurationPlatforms) = preSolution
		Debug|x64 = Debug|x64
		Debug|x86 = Debug|x86
		Release|x64 = Release|x64
		Release|x86 = Release|x86
	EndGlobalSection
	GlobalSection(ProjectConfigurationPlatforms) = postSolution
		{102FA0DF-D6C1-4271-86CC-0AD0957EBC0F}.Debug|x64.ActiveCfg = Debug|x64
		{102FA0DF-D6C1-4271-86CC-0AD0957EBC0F}.Debug|x64.Build.0 = Debug|x64
		{102FA0DF-D6C1-4271-86CC-0AD0957EBC0F}.Debug|x86.ActiveCfg = Debug|Win32
		{102FA0DF-D6C1-4271-86CC-0AD0957EBC0F}.Debug|x86.Build.0 = Debug|Win32
		{102FA0DF-D6C1-4271-86CC-0AD0957EBC0F}.Release|x64.ActiveCfg = Release|x64
		{102FA0DF-D6C1-4271-86CC-0AD0957EBC0F}.Release|x64.Build.0 = Release|x64
		{102FA0DF-D6C1-4271-86CC-0AD0957EBC0F}.Release|x86.ActiveCfg = Release|Win32
		{102FA0DF-D6C1-4271-86CC-0AD0957EBC0F}.Release|x86.Build.0 = Release|Win32
	EndGlobalSection
	GlobalSection(SolutionProperties) = preSolution
		HideSolutionNode = FALSE
	EndGlobalSection
	GlobalSection(ExtensibilityGlobals) = postSolution
		SolutionGuid = {22961191-7E43-4CBF-A4A8-10C8A67AEDF1}
	EndGlobalSection
EndGlobal
