
Microsoft Visual Studio Solution File, Format Version 12.00
# Visual Studio 15
VisualStudioVersion = 15.0.28307.106
MinimumVisualStudioVersion = 10.0.40219.1
Project("{8BC9CEB8-8B4A-11D0-8D11-00A0C91BC942}") = "中缀表达式转为后缀表达式", "中缀表达式转为后缀表达式\中缀表达式转为后缀表达式.vcxproj", "{4BC106DA-39C4-476D-B5F4-78055B10D345}"
EndProject
Global
	GlobalSection(SolutionConfigurationPlatforms) = preSolution
		Debug|x64 = Debug|x64
		Debug|x86 = Debug|x86
		Release|x64 = Release|x64
		Release|x86 = Release|x86
	EndGlobalSection
	GlobalSection(ProjectConfigurationPlatforms) = postSolution
		{4BC106DA-39C4-476D-B5F4-78055B10D345}.Debug|x64.ActiveCfg = Debug|x64
		{4BC106DA-39C4-476D-B5F4-78055B10D345}.Debug|x64.Build.0 = Debug|x64
		{4BC106DA-39C4-476D-B5F4-78055B10D345}.Debug|x86.ActiveCfg = Debug|Win32
		{4BC106DA-39C4-476D-B5F4-78055B10D345}.Debug|x86.Build.0 = Debug|Win32
		{4BC106DA-39C4-476D-B5F4-78055B10D345}.Release|x64.ActiveCfg = Release|x64
		{4BC106DA-39C4-476D-B5F4-78055B10D345}.Release|x64.Build.0 = Release|x64
		{4BC106DA-39C4-476D-B5F4-78055B10D345}.Release|x86.ActiveCfg = Release|Win32
		{4BC106DA-39C4-476D-B5F4-78055B10D345}.Release|x86.Build.0 = Release|Win32
	EndGlobalSection
	GlobalSection(SolutionProperties) = preSolution
		HideSolutionNode = FALSE
	EndGlobalSection
	GlobalSection(ExtensibilityGlobals) = postSolution
		SolutionGuid = {40C78FC8-80F3-4C51-AA17-2FB7C7867384}
	EndGlobalSection
EndGlobal
