
Microsoft Visual Studio Solution File, Format Version 12.00
# Visual Studio 15
VisualStudioVersion = 15.0.28307.106
MinimumVisualStudioVersion = 10.0.40219.1
Project("{8BC9CEB8-8B4A-11D0-8D11-00A0C91BC942}") = "实现strstr", "实现strstr\实现strstr.vcxproj", "{B4D423C1-CAFD-4BFA-A6F7-A370E030A947}"
EndProject
Global
	GlobalSection(SolutionConfigurationPlatforms) = preSolution
		Debug|x64 = Debug|x64
		Debug|x86 = Debug|x86
		Release|x64 = Release|x64
		Release|x86 = Release|x86
	EndGlobalSection
	GlobalSection(ProjectConfigurationPlatforms) = postSolution
		{B4D423C1-CAFD-4BFA-A6F7-A370E030A947}.Debug|x64.ActiveCfg = Debug|x64
		{B4D423C1-CAFD-4BFA-A6F7-A370E030A947}.Debug|x64.Build.0 = Debug|x64
		{B4D423C1-CAFD-4BFA-A6F7-A370E030A947}.Debug|x86.ActiveCfg = Debug|Win32
		{B4D423C1-CAFD-4BFA-A6F7-A370E030A947}.Debug|x86.Build.0 = Debug|Win32
		{B4D423C1-CAFD-4BFA-A6F7-A370E030A947}.Release|x64.ActiveCfg = Release|x64
		{B4D423C1-CAFD-4BFA-A6F7-A370E030A947}.Release|x64.Build.0 = Release|x64
		{B4D423C1-CAFD-4BFA-A6F7-A370E030A947}.Release|x86.ActiveCfg = Release|Win32
		{B4D423C1-CAFD-4BFA-A6F7-A370E030A947}.Release|x86.Build.0 = Release|Win32
	EndGlobalSection
	GlobalSection(SolutionProperties) = preSolution
		HideSolutionNode = FALSE
	EndGlobalSection
	GlobalSection(ExtensibilityGlobals) = postSolution
		SolutionGuid = {4DB2326F-B4EE-41DB-8E22-663F74CB99A2}
	EndGlobalSection
EndGlobal
