
Microsoft Visual Studio Solution File, Format Version 12.00
# Visual Studio 15
VisualStudioVersion = 15.0.28307.106
MinimumVisualStudioVersion = 10.0.40219.1
Project("{8BC9CEB8-8B4A-11D0-8D11-00A0C91BC942}") = "通过删除字母匹配到字典里的最长字符", "通过删除字母匹配到字典里的最长字符\通过删除字母匹配到字典里的最长字符.vcxproj", "{BCD5A0DD-9119-4176-AA90-0623045FA7F5}"
EndProject
Global
	GlobalSection(SolutionConfigurationPlatforms) = preSolution
		Debug|x64 = Debug|x64
		Debug|x86 = Debug|x86
		Release|x64 = Release|x64
		Release|x86 = Release|x86
	EndGlobalSection
	GlobalSection(ProjectConfigurationPlatforms) = postSolution
		{BCD5A0DD-9119-4176-AA90-0623045FA7F5}.Debug|x64.ActiveCfg = Debug|x64
		{BCD5A0DD-9119-4176-AA90-0623045FA7F5}.Debug|x64.Build.0 = Debug|x64
		{BCD5A0DD-9119-4176-AA90-0623045FA7F5}.Debug|x86.ActiveCfg = Debug|Win32
		{BCD5A0DD-9119-4176-AA90-0623045FA7F5}.Debug|x86.Build.0 = Debug|Win32
		{BCD5A0DD-9119-4176-AA90-0623045FA7F5}.Release|x64.ActiveCfg = Release|x64
		{BCD5A0DD-9119-4176-AA90-0623045FA7F5}.Release|x64.Build.0 = Release|x64
		{BCD5A0DD-9119-4176-AA90-0623045FA7F5}.Release|x86.ActiveCfg = Release|Win32
		{BCD5A0DD-9119-4176-AA90-0623045FA7F5}.Release|x86.Build.0 = Release|Win32
	EndGlobalSection
	GlobalSection(SolutionProperties) = preSolution
		HideSolutionNode = FALSE
	EndGlobalSection
	GlobalSection(ExtensibilityGlobals) = postSolution
		SolutionGuid = {86B50382-744B-4328-8817-962F1A8840E7}
	EndGlobalSection
EndGlobal
