
Microsoft Visual Studio Solution File, Format Version 12.00
# Visual Studio 15
VisualStudioVersion = 15.0.28307.106
MinimumVisualStudioVersion = 10.0.40219.1
Project("{8BC9CEB8-8B4A-11D0-8D11-00A0C91BC942}") = "c练习34", "c练习34\c练习34.vcxproj", "{3C286435-1CE7-4D90-99A2-CBE89D25E330}"
EndProject
Global
	GlobalSection(SolutionConfigurationPlatforms) = preSolution
		Debug|x64 = Debug|x64
		Debug|x86 = Debug|x86
		Release|x64 = Release|x64
		Release|x86 = Release|x86
	EndGlobalSection
	GlobalSection(ProjectConfigurationPlatforms) = postSolution
		{3C286435-1CE7-4D90-99A2-CBE89D25E330}.Debug|x64.ActiveCfg = Debug|x64
		{3C286435-1CE7-4D90-99A2-CBE89D25E330}.Debug|x64.Build.0 = Debug|x64
		{3C286435-1CE7-4D90-99A2-CBE89D25E330}.Debug|x86.ActiveCfg = Debug|Win32
		{3C286435-1CE7-4D90-99A2-CBE89D25E330}.Debug|x86.Build.0 = Debug|Win32
		{3C286435-1CE7-4D90-99A2-CBE89D25E330}.Release|x64.ActiveCfg = Release|x64
		{3C286435-1CE7-4D90-99A2-CBE89D25E330}.Release|x64.Build.0 = Release|x64
		{3C286435-1CE7-4D90-99A2-CBE89D25E330}.Release|x86.ActiveCfg = Release|Win32
		{3C286435-1CE7-4D90-99A2-CBE89D25E330}.Release|x86.Build.0 = Release|Win32
	EndGlobalSection
	GlobalSection(SolutionProperties) = preSolution
		HideSolutionNode = FALSE
	EndGlobalSection
	GlobalSection(ExtensibilityGlobals) = postSolution
		SolutionGuid = {41E7B465-3F95-48EF-8189-10D9807CA829}
	EndGlobalSection
EndGlobal
