
Microsoft Visual Studio Solution File, Format Version 12.00
# Visual Studio 15
VisualStudioVersion = 15.0.28307.106
MinimumVisualStudioVersion = 10.0.40219.1
Project("{8BC9CEB8-8B4A-11D0-8D11-00A0C91BC942}") = "剑指offer-矩阵中的路径", "剑指offer-矩阵中的路径\剑指offer-矩阵中的路径.vcxproj", "{6249DC88-F9AF-40DA-95D5-583E62896118}"
EndProject
Global
	GlobalSection(SolutionConfigurationPlatforms) = preSolution
		Debug|x64 = Debug|x64
		Debug|x86 = Debug|x86
		Release|x64 = Release|x64
		Release|x86 = Release|x86
	EndGlobalSection
	GlobalSection(ProjectConfigurationPlatforms) = postSolution
		{6249DC88-F9AF-40DA-95D5-583E62896118}.Debug|x64.ActiveCfg = Debug|x64
		{6249DC88-F9AF-40DA-95D5-583E62896118}.Debug|x64.Build.0 = Debug|x64
		{6249DC88-F9AF-40DA-95D5-583E62896118}.Debug|x86.ActiveCfg = Debug|Win32
		{6249DC88-F9AF-40DA-95D5-583E62896118}.Debug|x86.Build.0 = Debug|Win32
		{6249DC88-F9AF-40DA-95D5-583E62896118}.Release|x64.ActiveCfg = Release|x64
		{6249DC88-F9AF-40DA-95D5-583E62896118}.Release|x64.Build.0 = Release|x64
		{6249DC88-F9AF-40DA-95D5-583E62896118}.Release|x86.ActiveCfg = Release|Win32
		{6249DC88-F9AF-40DA-95D5-583E62896118}.Release|x86.Build.0 = Release|Win32
	EndGlobalSection
	GlobalSection(SolutionProperties) = preSolution
		HideSolutionNode = FALSE
	EndGlobalSection
	GlobalSection(ExtensibilityGlobals) = postSolution
		SolutionGuid = {8B525C36-D008-440B-BCF6-E598D7B29A66}
	EndGlobalSection
EndGlobal
